// !$*UTF8*$!
{
	archiveVersion = 1;
	classes = {
	};
	objectVersion = 56;
	objects = {

/* Begin PBXBuildFile section */
		96BC08FD2BA8E1A6009F877C /* FETCH_TAKEHOMEApp.swift in Sources */ = {isa = PBXBuildFile; fileRef = 96BC08FC2BA8E1A6009F877C /* FETCH_TAKEHOMEApp.swift */; };
		96BC08FF2BA8E1A6009F877C /* ContentView.swift in Sources */ = {isa = PBXBuildFile; fileRef = 96BC08FE2BA8E1A6009F877C /* ContentView.swift */; };
		96BC09012BA8E1A6009F877C /* Assets.xcassets in Resources */ = {isa = PBXBuildFile; fileRef = 96BC09002BA8E1A6009F877C /* Assets.xcassets */; };
		96BC09042BA8E1A6009F877C /* Preview Assets.xcassets in Resources */ = {isa = PBXBuildFile; fileRef = 96BC09032BA8E1A6009F877C /* Preview Assets.xcassets */; };
		96BC090E2BA8E1A7009F877C /* FETCH_TAKEHOMETests.swift in Sources */ = {isa = PBXBuildFile; fileRef = 96BC090D2BA8E1A7009F877C /* FETCH_TAKEHOMETests.swift */; };
		96BC09182BA8E1A7009F877C /* FETCH_TAKEHOMEUITests.swift in Sources */ = {isa = PBXBuildFile; fileRef = 96BC09172BA8E1A7009F877C /* FETCH_TAKEHOMEUITests.swift */; };
		96BC091A2BA8E1A7009F877C /* FETCH_TAKEHOMEUITestsLaunchTests.swift in Sources */ = {isa = PBXBuildFile; fileRef = 96BC09192BA8E1A7009F877C /* FETCH_TAKEHOMEUITestsLaunchTests.swift */; };
/* End PBXBuildFile section */

/* Begin PBXContainerItemProxy section */
		96BC090A2BA8E1A7009F877C /* PBXContainerItemProxy */ = {
			isa = PBXContainerItemProxy;
			containerPortal = 96BC08F12BA8E1A5009F877C /* Project object */;
			proxyType = 1;
			remoteGlobalIDString = 96BC08F82BA8E1A6009F877C;
			remoteInfo = "FETCH TAKEHOME";
		};
		96BC09142BA8E1A7009F877C /* PBXContainerItemProxy */ = {
			isa = PBXContainerItemProxy;
			containerPortal = 96BC08F12BA8E1A5009F877C /* Project object */;
			proxyType = 1;
			remoteGlobalIDString = 96BC08F82BA8E1A6009F877C;
			remoteInfo = "FETCH TAKEHOME";
		};
/* End PBXContainerItemProxy section */

/* Begin PBXFileReference section */
		96BC08F92BA8E1A6009F877C /* FETCH TAKEHOME.app */ = {isa = PBXFileReference; explicitFileType = wrapper.application; includeInIndex = 0; path = "FETCH TAKEHOME.app"; sourceTree = BUILT_PRODUCTS_DIR; };
		96BC08FC2BA8E1A6009F877C /* FETCH_TAKEHOMEApp.swift */ = {isa = PBXFileReference; lastKnownFileType = sourcecode.swift; path = FETCH_TAKEHOMEApp.swift; sourceTree = "<group>"; };
		96BC08FE2BA8E1A6009F877C /* ContentView.swift */ = {isa = PBXFileReference; lastKnownFileType = sourcecode.swift; path = ContentView.swift; sourceTree = "<group>"; };
		96BC09002BA8E1A6009F877C /* Assets.xcassets */ = {isa = PBXFileReference; lastKnownFileType = folder.assetcatalog; path = Assets.xcassets; sourceTree = "<group>"; };
		96BC09032BA8E1A6009F877C /* Preview Assets.xcassets */ = {isa = PBXFileReference; lastKnownFileType = folder.assetcatalog; path = "Preview Assets.xcassets"; sourceTree = "<group>"; };
		96BC09092BA8E1A7009F877C /* FETCH TAKEHOMETests.xctest */ = {isa = PBXFileReference; explicitFileType = wrapper.cfbundle; includeInIndex = 0; path = "FETCH TAKEHOMETests.xctest"; sourceTree = BUILT_PRODUCTS_DIR; };
		96BC090D2BA8E1A7009F877C /* FETCH_TAKEHOMETests.swift */ = {isa = PBXFileReference; lastKnownFileType = sourcecode.swift; path = FETCH_TAKEHOMETests.swift; sourceTree = "<group>"; };
		96BC09132BA8E1A7009F877C /* FETCH TAKEHOMEUITests.xctest */ = {isa = PBXFileReference; explicitFileType = wrapper.cfbundle; includeInIndex = 0; path = "FETCH TAKEHOMEUITests.xctest"; sourceTree = BUILT_PRODUCTS_DIR; };
		96BC09172BA8E1A7009F877C /* FETCH_TAKEHOMEUITests.swift */ = {isa = PBXFileReference; lastKnownFileType = sourcecode.swift; path = FETCH_TAKEHOMEUITests.swift; sourceTree = "<group>"; };
		96BC09192BA8E1A7009F877C /* FETCH_TAKEHOMEUITestsLaunchTests.swift */ = {isa = PBXFileReference; lastKnownFileType = sourcecode.swift; path = FETCH_TAKEHOMEUITestsLaunchTests.swift; sourceTree = "<group>"; };
/* End PBXFileReference section */

/* Begin PBXFrameworksBuildPhase section */
		96BC08F62BA8E1A6009F877C /* Frameworks */ = {
			isa = PBXFrameworksBuildPhase;
			buildActionMask = 2147483647;
			files = (
			);
			runOnlyForDeploymentPostprocessing = 0;
		};
		96BC09062BA8E1A7009F877C /* Frameworks */ = {
			isa = PBXFrameworksBuildPhase;
			buildActionMask = 2147483647;
			files = (
			);
			runOnlyForDeploymentPostprocessing = 0;
		};
		96BC09102BA8E1A7009F877C /* Frameworks */ = {
			isa = PBXFrameworksBuildPhase;
			buildActionMask = 2147483647;
			files = (
			);
			runOnlyForDeploymentPostprocessing = 0;
		};
/* End PBXFrameworksBuildPhase section */

/* Begin PBXGroup section */
		96BC08F02BA8E1A5009F877C = {
			isa = PBXGroup;
			children = (
				96BC08FB2BA8E1A6009F877C /* FETCH TAKEHOME */,
				96BC090C2BA8E1A7009F877C /* FETCH TAKEHOMETests */,
				96BC09162BA8E1A7009F877C /* FETCH TAKEHOMEUITests */,
				96BC08FA2BA8E1A6009F877C /* Products */,
			);
			sourceTree = "<group>";
		};
		96BC08FA2BA8E1A6009F877C /* Products */ = {
			isa = PBXGroup;
			children = (
				96BC08F92BA8E1A6009F877C /* FETCH TAKEHOME.app */,
				96BC09092BA8E1A7009F877C /* FETCH TAKEHOMETests.xctest */,
				96BC09132BA8E1A7009F877C /* FETCH TAKEHOMEUITests.xctest */,
			);
			name = Products;
			sourceTree = "<group>";
		};
		96BC08FB2BA8E1A6009F877C /* FETCH TAKEHOME */ = {
			isa = PBXGroup;
			children = (
				96BC08FC2BA8E1A6009F877C /* FETCH_TAKEHOMEApp.swift */,
				96BC08FE2BA8E1A6009F877C /* ContentView.swift */,
				96BC09002BA8E1A6009F877C /* Assets.xcassets */,
				96BC09022BA8E1A6009F877C /* Preview Content */,
			);
			path = "FETCH TAKEHOME";
			sourceTree = "<group>";
		};
		96BC09022BA8E1A6009F877C /* Preview Content */ = {
			isa = PBXGroup;
			children = (
				96BC09032BA8E1A6009F877C /* Preview Assets.xcassets */,
			);
			path = "Preview Content";
			sourceTree = "<group>";
		};
		96BC090C2BA8E1A7009F877C /* FETCH TAKEHOMETests */ = {
			isa = PBXGroup;
			children = (
				96BC090D2BA8E1A7009F877C /* FETCH_TAKEHOMETests.swift */,
			);
			path = "FETCH TAKEHOMETests";
			sourceTree = "<group>";
		};
		96BC09162BA8E1A7009F877C /* FETCH TAKEHOMEUITests */ = {
			isa = PBXGroup;
			children = (
				96BC09172BA8E1A7009F877C /* FETCH_TAKEHOMEUITests.swift */,
				96BC09192BA8E1A7009F877C /* FETCH_TAKEHOMEUITestsLaunchTests.swift */,
			);
			path = "FETCH TAKEHOMEUITests";
			sourceTree = "<group>";
		};
/* End PBXGroup section */

/* Begin PBXNativeTarget section */
		96BC08F82BA8E1A6009F877C /* FETCH TAKEHOME */ = {
			isa = PBXNativeTarget;
			buildConfigurationList = 96BC091D2BA8E1A7009F877C /* Build configuration list for PBXNativeTarget "FETCH TAKEHOME" */;
			buildPhases = (
				96BC08F52BA8E1A6009F877C /* Sources */,
				96BC08F62BA8E1A6009F877C /* Frameworks */,
				96BC08F72BA8E1A6009F877C /* Resources */,
			);
			buildRules = (
			);
			dependencies = (
			);
			name = "FETCH TAKEHOME";
			productName = "FETCH TAKEHOME";
			productReference = 96BC08F92BA8E1A6009F877C /* FETCH TAKEHOME.app */;
			productType = "com.apple.product-type.application";
		};
		96BC09082BA8E1A7009F877C /* FETCH TAKEHOMETests */ = {
			isa = PBXNativeTarget;
			buildConfigurationList = 96BC09202BA8E1A7009F877C /* Build configuration list for PBXNativeTarget "FETCH TAKEHOMETests" */;
			buildPhases = (
				96BC09052BA8E1A7009F877C /* Sources */,
				96BC09062BA8E1A7009F877C /* Frameworks */,
				96BC09072BA8E1A7009F877C /* Resources */,
			);
			buildRules = (
			);
			dependencies = (
				96BC090B2BA8E1A7009F877C /* PBXTargetDependency */,
			);
			name = "FETCH TAKEHOMETests";
			productName = "FETCH TAKEHOMETests";
			productReference = 96BC09092BA8E1A7009F877C /* FETCH TAKEHOMETests.xctest */;
			productType = "com.apple.product-type.bundle.unit-test";
		};
		96BC09122BA8E1A7009F877C /* FETCH TAKEHOMEUITests */ = {
			isa = PBXNativeTarget;
			buildConfigurationList = 96BC09232BA8E1A7009F877C /* Build configuration list for PBXNativeTarget "FETCH TAKEHOMEUITests" */;
			buildPhases = (
				96BC090F2BA8E1A7009F877C /* Sources */,
				96BC09102BA8E1A7009F877C /* Frameworks */,
				96BC09112BA8E1A7009F877C /* Resources */,
			);
			buildRules = (
			);
			dependencies = (
				96BC09152BA8E1A7009F877C /* PBXTargetDependency */,
			);
			name = "FETCH TAKEHOMEUITests";
			productName = "FETCH TAKEHOMEUITests";
			productReference = 96BC09132BA8E1A7009F877C /* FETCH TAKEHOMEUITests.xctest */;
			productType = "com.apple.product-type.bundle.ui-testing";
		};
/* End PBXNativeTarget section */

/* Begin PBXProject section */
		96BC08F12BA8E1A5009F877C /* Project object */ = {
			isa = PBXProject;
			attributes = {
				BuildIndependentTargetsInParallel = 1;
				LastSwiftUpdateCheck = 1530;
				LastUpgradeCheck = 1530;
				TargetAttributes = {
					96BC08F82BA8E1A6009F877C = {
						CreatedOnToolsVersion = 15.3;
					};
					96BC09082BA8E1A7009F877C = {
						CreatedOnToolsVersion = 15.3;
						TestTargetID = 96BC08F82BA8E1A6009F877C;
					};
					96BC09122BA8E1A7009F877C = {
						CreatedOnToolsVersion = 15.3;
						TestTargetID = 96BC08F82BA8E1A6009F877C;
					};
				};
			};
			buildConfigurationList = 96BC08F42BA8E1A5009F877C /* Build configuration list for PBXProject "FETCH TAKEHOME" */;
			compatibilityVersion = "Xcode 14.0";
			developmentRegion = en;
			hasScannedForEncodings = 0;
			knownRegions = (
				en,
				Base,
			);
			mainGroup = 96BC08F02BA8E1A5009F877C;
			productRefGroup = 96BC08FA2BA8E1A6009F877C /* Products */;
			projectDirPath = "";
			projectRoot = "";
			targets = (
				96BC08F82BA8E1A6009F877C /* FETCH TAKEHOME */,
				96BC09082BA8E1A7009F877C /* FETCH TAKEHOMETests */,
				96BC09122BA8E1A7009F877C /* FETCH TAKEHOMEUITests */,
			);
		};
/* End PBXProject section */

/* Begin PBXResourcesBuildPhase section */
		96BC08F72BA8E1A6009F877C /* Resources */ = {
			isa = PBXResourcesBuildPhase;
			buildActionMask = 2147483647;
			files = (
				96BC09042BA8E1A6009F877C /* Preview Assets.xcassets in Resources */,
				96BC09012BA8E1A6009F877C /* Assets.xcassets in Resources */,
			);
			runOnlyForDeploymentPostprocessing = 0;
		};
		96BC09072BA8E1A7009F877C /* Resources */ = {
			isa = PBXResourcesBuildPhase;
			buildActionMask = 2147483647;
			files = (
			);
			runOnlyForDeploymentPostprocessing = 0;
		};
		96BC09112BA8E1A7009F877C /* Resources */ = {
			isa = PBXResourcesBuildPhase;
			buildActionMask = 2147483647;
			files = (
			);
			runOnlyForDeploymentPostprocessing = 0;
		};
/* End PBXResourcesBuildPhase section */

/* Begin PBXSourcesBuildPhase section */
		96BC08F52BA8E1A6009F877C /* Sources */ = {
			isa = PBXSourcesBuildPhase;
			buildActionMask = 2147483647;
			files = (
				96BC08FF2BA8E1A6009F877C /* ContentView.swift in Sources */,
				96BC08FD2BA8E1A6009F877C /* FETCH_TAKEHOMEApp.swift in Sources */,
			);
			runOnlyForDeploymentPostprocessing = 0;
		};
		96BC09052BA8E1A7009F877C /* Sources */ = {
			isa = PBXSourcesBuildPhase;
			buildActionMask = 2147483647;
			files = (
				96BC090E2BA8E1A7009F877C /* FETCH_TAKEHOMETests.swift in Sources */,
			);
			runOnlyForDeploymentPostprocessing = 0;
		};
		96BC090F2BA8E1A7009F877C /* Sources */ = {
			isa = PBXSourcesBuildPhase;
			buildActionMask = 2147483647;
			files = (
				96BC09182BA8E1A7009F877C /* FETCH_TAKEHOMEUITests.swift in Sources */,
				96BC091A2BA8E1A7009F877C /* FETCH_TAKEHOMEUITestsLaunchTests.swift in Sources */,
			);
			runOnlyForDeploymentPostprocessing = 0;
		};
/* End PBXSourcesBuildPhase section */

/* Begin PBXTargetDependency section */
		96BC090B2BA8E1A7009F877C /* PBXTargetDependency */ = {
			isa = PBXTargetDependency;
			target = 96BC08F82BA8E1A6009F877C /* FETCH TAKEHOME */;
			targetProxy = 96BC090A2BA8E1A7009F877C /* PBXContainerItemProxy */;
		};
		96BC09152BA8E1A7009F877C /* PBXTargetDependency */ = {
			isa = PBXTargetDependency;
			target = 96BC08F82BA8E1A6009F877C /* FETCH TAKEHOME */;
			targetProxy = 96BC09142BA8E1A7009F877C /* PBXContainerItemProxy */;
		};
/* End PBXTargetDependency section */

/* Begin XCBuildConfiguration section */
		96BC091B2BA8E1A7009F877C /* Debug */ = {
			isa = XCBuildConfiguration;
			buildSettings = {
				ALWAYS_SEARCH_USER_PATHS = NO;
				ASSETCATALOG_COMPILER_GENERATE_SWIFT_ASSET_SYMBOL_EXTENSIONS = YES;
				CLANG_ANALYZER_NONNULL = YES;
				CLANG_ANALYZER_NUMBER_OBJECT_CONVERSION = YES_AGGRESSIVE;
				CLANG_CXX_LANGUAGE_STANDARD = "gnu++20";
				CLANG_ENABLE_MODULES = YES;
				CLANG_ENABLE_OBJC_ARC = YES;
				CLANG_ENABLE_OBJC_WEAK = YES;
				CLANG_WARN_BLOCK_CAPTURE_AUTORELEASING = YES;
				CLANG_WARN_BOOL_CONVERSION = YES;
				CLANG_WARN_COMMA = YES;
				CLANG_WARN_CONSTANT_CONVERSION = YES;
				CLANG_WARN_DEPRECATED_OBJC_IMPLEMENTATIONS = YES;
				CLANG_WARN_DIRECT_OBJC_ISA_USAGE = YES_ERROR;
				CLANG_WARN_DOCUMENTATION_COMMENTS = YES;
				CLANG_WARN_EMPTY_BODY = YES;
				CLANG_WARN_ENUM_CONVERSION = YES;
				CLANG_WARN_INFINITE_RECURSION = YES;
				CLANG_WARN_INT_CONVERSION = YES;
				CLANG_WARN_NON_LITERAL_NULL_CONVERSION = YES;
				CLANG_WARN_OBJC_IMPLICIT_RETAIN_SELF = YES;
				CLANG_WARN_OBJC_LITERAL_CONVERSION = YES;
				CLANG_WARN_OBJC_ROOT_CLASS = YES_ERROR;
				CLANG_WARN_QUOTED_INCLUDE_IN_FRAMEWORK_HEADER = YES;
				CLANG_WARN_RANGE_LOOP_ANALYSIS = YES;
				CLANG_WARN_STRICT_PROTOTYPES = YES;
				CLANG_WARN_SUSPICIOUS_MOVE = YES;
				CLANG_WARN_UNGUARDED_AVAILABILITY = YES_AGGRESSIVE;
				CLANG_WARN_UNREACHABLE_CODE = YES;
				CLANG_WARN__DUPLICATE_METHOD_MATCH = YES;
				COPY_PHASE_STRIP = NO;
				DEBUG_INFORMATION_FORMAT = dwarf;
				ENABLE_STRICT_OBJC_MSGSEND = YES;
				ENABLE_TESTABILITY = YES;
				ENABLE_USER_SCRIPT_SANDBOXING = YES;
				GCC_C_LANGUAGE_STANDARD = gnu17;
				GCC_DYNAMIC_NO_PIC = NO;
				GCC_NO_COMMON_BLOCKS = YES;
				GCC_OPTIMIZATION_LEVEL = 0;
				GCC_PREPROCESSOR_DEFINITIONS = (
					"DEBUG=1",
					"$(inherited)",
				);
				GCC_WARN_64_TO_32_BIT_CONVERSION = YES;
				GCC_WARN_ABOUT_RETURN_TYPE = YES_ERROR;
				GCC_WARN_UNDECLARED_SELECTOR = YES;
				GCC_WARN_UNINITIALIZED_AUTOS = YES_AGGRESSIVE;
				GCC_WARN_UNUSED_FUNCTION = YES;
				GCC_WARN_UNUSED_VARIABLE = YES;
				IPHONEOS_DEPLOYMENT_TARGET = 17.4;
				LOCALIZATION_PREFERS_STRING_CATALOGS = YES;
				MTL_ENABLE_DEBUG_INFO = INCLUDE_SOURCE;
				MTL_FAST_MATH = YES;
				ONLY_ACTIVE_ARCH = YES;
				SDKROOT = iphoneos;
				SWIFT_ACTIVE_COMPILATION_CONDITIONS = "DEBUG $(inherited)";
				SWIFT_OPTIMIZATION_LEVEL = "-Onone";
			};
			name = Debug;
		};
		96BC091C2BA8E1A7009F877C /* Release */ = {
			isa = XCBuildConfiguration;
			buildSettings = {
				ALWAYS_SEARCH_USER_PATHS = NO;
				ASSETCATALOG_COMPILER_GENERATE_SWIFT_ASSET_SYMBOL_EXTENSIONS = YES;
				CLANG_ANALYZER_NONNULL = YES;
				CLANG_ANALYZER_NUMBER_OBJECT_CONVERSION = YES_AGGRESSIVE;
				CLANG_CXX_LANGUAGE_STANDARD = "gnu++20";
				CLANG_ENABLE_MODULES = YES;
				CLANG_ENABLE_OBJC_ARC = YES;
				CLANG_ENABLE_OBJC_WEAK = YES;
				CLANG_WARN_BLOCK_CAPTURE_AUTORELEASING = YES;
				CLANG_WARN_BOOL_CONVERSION = YES;
				CLANG_WARN_COMMA = YES;
				CLANG_WARN_CONSTANT_CONVERSION = YES;
				CLANG_WARN_DEPRECATED_OBJC_IMPLEMENTATIONS = YES;
				CLANG_WARN_DIRECT_OBJC_ISA_USAGE = YES_ERROR;
				CLANG_WARN_DOCUMENTATION_COMMENTS = YES;
				CLANG_WARN_EMPTY_BODY = YES;
				CLANG_WARN_ENUM_CONVERSION = YES;
				CLANG_WARN_INFINITE_RECURSION = YES;
				CLANG_WARN_INT_CONVERSION = YES;
				CLANG_WARN_NON_LITERAL_NULL_CONVERSION = YES;
				CLANG_WARN_OBJC_IMPLICIT_RETAIN_SELF = YES;
				CLANG_WARN_OBJC_LITERAL_CONVERSION = YES;
				CLANG_WARN_OBJC_ROOT_CLASS = YES_ERROR;
				CLANG_WARN_QUOTED_INCLUDE_IN_FRAMEWORK_HEADER = YES;
				CLANG_WARN_RANGE_LOOP_ANALYSIS = YES;
				CLANG_WARN_STRICT_PROTOTYPES = YES;
				CLANG_WARN_SUSPICIOUS_MOVE = YES;
				CLANG_WARN_UNGUARDED_AVAILABILITY = YES_AGGRESSIVE;
				CLANG_WARN_UNREACHABLE_CODE = YES;
				CLANG_WARN__DUPLICATE_METHOD_MATCH = YES;
				COPY_PHASE_STRIP = NO;
				DEBUG_INFORMATION_FORMAT = "dwarf-with-dsym";
				ENABLE_NS_ASSERTIONS = NO;
				ENABLE_STRICT_OBJC_MSGSEND = YES;
				ENABLE_USER_SCRIPT_SANDBOXING = YES;
				GCC_C_LANGUAGE_STANDARD = gnu17;
				GCC_NO_COMMON_BLOCKS = YES;
				GCC_WARN_64_TO_32_BIT_CONVERSION = YES;
				GCC_WARN_ABOUT_RETURN_TYPE = YES_ERROR;
				GCC_WARN_UNDECLARED_SELECTOR = YES;
				GCC_WARN_UNINITIALIZED_AUTOS = YES_AGGRESSIVE;
				GCC_WARN_UNUSED_FUNCTION = YES;
				GCC_WARN_UNUSED_VARIABLE = YES;
				IPHONEOS_DEPLOYMENT_TARGET = 17.4;
				LOCALIZATION_PREFERS_STRING_CATALOGS = YES;
				MTL_ENABLE_DEBUG_INFO = NO;
				MTL_FAST_MATH = YES;
				SDKROOT = iphoneos;
				SWIFT_COMPILATION_MODE = wholemodule;
				VALIDATE_PRODUCT = YES;
			};
			name = Release;
		};
		96BC091E2BA8E1A7009F877C /* Debug */ = {
			isa = XCBuildConfiguration;
			buildSettings = {
				ASSETCATALOG_COMPILER_APPICON_NAME = AppIcon;
				ASSETCATALOG_COMPILER_GLOBAL_ACCENT_COLOR_NAME = AccentColor;
				CODE_SIGN_STYLE = Automatic;
				CURRENT_PROJECT_VERSION = 1;
				DEVELOPMENT_ASSET_PATHS = "\"FETCH TAKEHOME/Preview Content\"";
				DEVELOPMENT_TEAM = C6WVL9NT25;
				ENABLE_PREVIEWS = YES;
				GENERATE_INFOPLIST_FILE = YES;
				INFOPLIST_KEY_UIApplicationSceneManifest_Generation = YES;
				INFOPLIST_KEY_UIApplicationSupportsIndirectInputEvents = YES;
				INFOPLIST_KEY_UILaunchScreen_Generation = YES;
				INFOPLIST_KEY_UISupportedInterfaceOrientations_iPad = "UIInterfaceOrientationPortrait UIInterfaceOrientationPortraitUpsideDown UIInterfaceOrientationLandscapeLeft UIInterfaceOrientationLandscapeRight";
				INFOPLIST_KEY_UISupportedInterfaceOrientations_iPhone = "UIInterfaceOrientationPortrait UIInterfaceOrientationLandscapeLeft UIInterfaceOrientationLandscapeRight";
				LD_RUNPATH_SEARCH_PATHS = (
					"$(inherited)",
					"@executable_path/Frameworks",
				);
				MARKETING_VERSION = 1.0;
				PRODUCT_BUNDLE_IDENTIFIER = "ABDUL-ABBAS.FETCH-TAKEHOME";
				PRODUCT_NAME = "$(TARGET_NAME)";
				SWIFT_EMIT_LOC_STRINGS = YES;
				SWIFT_VERSION = 5.0;
				TARGETED_DEVICE_FAMILY = "1,2";
			};
			name = Debug;
		};
		96BC091F2BA8E1A7009F877C /* Release */ = {
			isa = XCBuildConfiguration;
			buildSettings = {
				ASSETCATALOG_COMPILER_APPICON_NAME = AppIcon;
				ASSETCATALOG_COMPILER_GLOBAL_ACCENT_COLOR_NAME = AccentColor;
				CODE_SIGN_STYLE = Automatic;
				CURRENT_PROJECT_VERSION = 1;
				DEVELOPMENT_ASSET_PATHS = "\"FETCH TAKEHOME/Preview Content\"";
				DEVELOPMENT_TEAM = C6WVL9NT25;
				ENABLE_PREVIEWS = YES;
				GENERATE_INFOPLIST_FILE = YES;
				INFOPLIST_KEY_UIApplicationSceneManifest_Generation = YES;
				INFOPLIST_KEY_UIApplicationSupportsIndirectInputEvents = YES;
				INFOPLIST_KEY_UILaunchScreen_Generation = YES;
				INFOPLIST_KEY_UISupportedInterfaceOrientations_iPad = "UIInterfaceOrientationPortrait UIInterfaceOrientationPortraitUpsideDown UIInterfaceOrientationLandscapeLeft UIInterfaceOrientationLandscapeRight";
				INFOPLIST_KEY_UISupportedInterfaceOrientations_iPhone = "UIInterfaceOrientationPortrait UIInterfaceOrientationLandscapeLeft UIInterfaceOrientationLandscapeRight";
				LD_RUNPATH_SEARCH_PATHS = (
					"$(inherited)",
					"@executable_path/Frameworks",
				);
				MARKETING_VERSION = 1.0;
				PRODUCT_BUNDLE_IDENTIFIER = "ABDUL-ABBAS.FETCH-TAKEHOME";
				PRODUCT_NAME = "$(TARGET_NAME)";
				SWIFT_EMIT_LOC_STRINGS = YES;
				SWIFT_VERSION = 5.0;
				TARGETED_DEVICE_FAMILY = "1,2";
			};
			name = Release;
		};
		96BC09212BA8E1A7009F877C /* Debug */ = {
			isa = XCBuildConfiguration;
			buildSettings = {
				ALWAYS_EMBED_SWIFT_STANDARD_LIBRARIES = YES;
				BUNDLE_LOADER = "$(TEST_HOST)";
				CODE_SIGN_STYLE = Automatic;
				CURRENT_PROJECT_VERSION = 1;
				GENERATE_INFOPLIST_FILE = YES;
				IPHONEOS_DEPLOYMENT_TARGET = 17.4;
				MARKETING_VERSION = 1.0;
				PRODUCT_BUNDLE_IDENTIFIER = "ABDUL-ABBAS.FETCH-TAKEHOMETests";
				PRODUCT_NAME = "$(TARGET_NAME)";
				SWIFT_EMIT_LOC_STRINGS = NO;
				SWIFT_VERSION = 5.0;
				TARGETED_DEVICE_FAMILY = "1,2";
				TEST_HOST = "$(BUILT_PRODUCTS_DIR)/FETCH TAKEHOME.app/$(BUNDLE_EXECUTABLE_FOLDER_PATH)/FETCH TAKEHOME";
			};
			name = Debug;
		};
		96BC09222BA8E1A7009F877C /* Release */ = {
			isa = XCBuildConfiguration;
			buildSettings = {
				ALWAYS_EMBED_SWIFT_STANDARD_LIBRARIES = YES;
				BUNDLE_LOADER = "$(TEST_HOST)";
				CODE_SIGN_STYLE = Automatic;
				CURRENT_PROJECT_VERSION = 1;
				GENERATE_INFOPLIST_FILE = YES;
				IPHONEOS_DEPLOYMENT_TARGET = 17.4;
				MARKETING_VERSION = 1.0;
				PRODUCT_BUNDLE_IDENTIFIER = "ABDUL-ABBAS.FETCH-TAKEHOMETests";
				PRODUCT_NAME = "$(TARGET_NAME)";
				SWIFT_EMIT_LOC_STRINGS = NO;
				SWIFT_VERSION = 5.0;
				TARGETED_DEVICE_FAMILY = "1,2";
				TEST_HOST = "$(BUILT_PRODUCTS_DIR)/FETCH TAKEHOME.app/$(BUNDLE_EXECUTABLE_FOLDER_PATH)/FETCH TAKEHOME";
			};
			name = Release;
		};
		96BC09242BA8E1A7009F877C /* Debug */ = {
			isa = XCBuildConfiguration;
			buildSettings = {
				ALWAYS_EMBED_SWIFT_STANDARD_LIBRARIES = YES;
				CODE_SIGN_STYLE = Automatic;
				CURRENT_PROJECT_VERSION = 1;
				GENERATE_INFOPLIST_FILE = YES;
				MARKETING_VERSION = 1.0;
				PRODUCT_BUNDLE_IDENTIFIER = "ABDUL-ABBAS.FETCH-TAKEHOMEUITests";
				PRODUCT_NAME = "$(TARGET_NAME)";
				SWIFT_EMIT_LOC_STRINGS = NO;
				SWIFT_VERSION = 5.0;
				TARGETED_DEVICE_FAMILY = "1,2";
				TEST_TARGET_NAME = "FETCH TAKEHOME";
			};
			name = Debug;
		};
		96BC09252BA8E1A7009F877C /* Release */ = {
			isa = XCBuildConfiguration;
			buildSettings = {
				ALWAYS_EMBED_SWIFT_STANDARD_LIBRARIES = YES;
				CODE_SIGN_STYLE = Automatic;
				CURRENT_PROJECT_VERSION = 1;
				GENERATE_INFOPLIST_FILE = YES;
				MARKETING_VERSION = 1.0;
				PRODUCT_BUNDLE_IDENTIFIER = "ABDUL-ABBAS.FETCH-TAKEHOMEUITests";
				PRODUCT_NAME = "$(TARGET_NAME)";
				SWIFT_EMIT_LOC_STRINGS = NO;
				SWIFT_VERSION = 5.0;
				TARGETED_DEVICE_FAMILY = "1,2";
				TEST_TARGET_NAME = "FETCH TAKEHOME";
			};
			name = Release;
		};
/* End XCBuildConfiguration section */

/* Begin XCConfigurationList section */
		96BC08F42BA8E1A5009F877C /* Build configuration list for PBXProject "FETCH TAKEHOME" */ = {
			isa = XCConfigurationList;
			buildConfigurations = (
				96BC091B2BA8E1A7009F877C /* Debug */,
				96BC091C2BA8E1A7009F877C /* Release */,
			);
			defaultConfigurationIsVisible = 0;
			defaultConfigurationName = Release;
		};
		96BC091D2BA8E1A7009F877C /* Build configuration list for PBXNativeTarget "FETCH TAKEHOME" */ = {
			isa = XCConfigurationList;
			buildConfigurations = (
				96BC091E2BA8E1A7009F877C /* Debug */,
				96BC091F2BA8E1A7009F877C /* Release */,
			);
			defaultConfigurationIsVisible = 0;
			defaultConfigurationName = Release;
		};
		96BC09202BA8E1A7009F877C /* Build configuration list for PBXNativeTarget "FETCH TAKEHOMETests" */ = {
			isa = XCConfigurationList;
			buildConfigurations = (
				96BC09212BA8E1A7009F877C /* Debug */,
				96BC09222BA8E1A7009F877C /* Release */,
			);
			defaultConfigurationIsVisible = 0;
			defaultConfigurationName = Release;
		};
		96BC09232BA8E1A7009F877C /* Build configuration list for PBXNativeTarget "FETCH TAKEHOMEUITests" */ = {
			isa = XCConfigurationList;
			buildConfigurations = (
				96BC09242BA8E1A7009F877C /* Debug */,
				96BC09252BA8E1A7009F877C /* Release */,
			);
			defaultConfigurationIsVisible = 0;
			defaultConfigurationName = Release;
		};
/* End XCConfigurationList section */
	};
	rootObject = 96BC08F12BA8E1A5009F877C /* Project object */;
}
